
Microsoft Visual Studio Solution File, Format Version 12.00
# Visual Studio Version 16
VisualStudioVersion = 16.0.30128.74
MinimumVisualStudioVersion = 10.0.40219.1
Project("{FAE04EC0-301F-11D3-BF4B-00C04F79EFBC}") = "CoreShopping.Core", "CoreShopping.Core\CoreShopping.Core.csproj", "{F7F95204-3593-4BA6-A3C2-433829592C72}"
EndProject
Project("{FAE04EC0-301F-11D3-BF4B-00C04F79EFBC}") = "CoreShopping.Northwind.Entities", "CoreShopping.Northwind.Entities\CoreShopping.Northwind.Entities.csproj", "{118C2618-82CE-4394-974A-32539BFBD2C2}"
EndProject
Project("{FAE04EC0-301F-11D3-BF4B-00C04F79EFBC}") = "CoreShopping.Northwind.DataAccess", "CoreShopping.Northwind.DataAccess\CoreShopping.Northwind.DataAccess.csproj", "{1FA51435-BB6C-4A9A-BB0E-B32705AD0C60}"
EndProject
Project("{FAE04EC0-301F-11D3-BF4B-00C04F79EFBC}") = "CoreShopping.Northwind.Business", "CoreShopping.Northwind.Business\CoreShopping.Northwind.Business.csproj", "{AB16BA3E-DD25-430E-B7C3-7DD41FDA9CA0}"
EndProject
Project("{FAE04EC0-301F-11D3-BF4B-00C04F79EFBC}") = "CoreShopping.Northwind.MvcWebUI", "CoreShopping.Northwind.MvcWebUI\CoreShopping.Northwind.MvcWebUI.csproj", "{60C4C7D9-8732-4CCA-8971-3071B99261CB}"
EndProject
Global
	GlobalSection(SolutionConfigurationPlatforms) = preSolution
		Debug|Any CPU = Debug|Any CPU
		Release|Any CPU = Release|Any CPU
	EndGlobalSection
	GlobalSection(ProjectConfigurationPlatforms) = postSolution
		{F7F95204-3593-4BA6-A3C2-433829592C72}.Debug|Any CPU.ActiveCfg = Debug|Any CPU
		{F7F95204-3593-4BA6-A3C2-433829592C72}.Debug|Any CPU.Build.0 = Debug|Any CPU
		{F7F95204-3593-4BA6-A3C2-433829592C72}.Release|Any CPU.ActiveCfg = Release|Any CPU
		{F7F95204-3593-4BA6-A3C2-433829592C72}.Release|Any CPU.Build.0 = Release|Any CPU
		{118C2618-82CE-4394-974A-32539BFBD2C2}.Debug|Any CPU.ActiveCfg = Debug|Any CPU
		{118C2618-82CE-4394-974A-32539BFBD2C2}.Debug|Any CPU.Build.0 = Debug|Any CPU
		{118C2618-82CE-4394-974A-32539BFBD2C2}.Release|Any CPU.ActiveCfg = Release|Any CPU
		{118C2618-82CE-4394-974A-32539BFBD2C2}.Release|Any CPU.Build.0 = Release|Any CPU
		{1FA51435-BB6C-4A9A-BB0E-B32705AD0C60}.Debug|Any CPU.ActiveCfg = Debug|Any CPU
		{1FA51435-BB6C-4A9A-BB0E-B32705AD0C60}.Debug|Any CPU.Build.0 = Debug|Any CPU
		{1FA51435-BB6C-4A9A-BB0E-B32705AD0C60}.Release|Any CPU.ActiveCfg = Release|Any CPU
		{1FA51435-BB6C-4A9A-BB0E-B32705AD0C60}.Release|Any CPU.Build.0 = Release|Any CPU
		{AB16BA3E-DD25-430E-B7C3-7DD41FDA9CA0}.Debug|Any CPU.ActiveCfg = Debug|Any CPU
		{AB16BA3E-DD25-430E-B7C3-7DD41FDA9CA0}.Debug|Any CPU.Build.0 = Debug|Any CPU
		{AB16BA3E-DD25-430E-B7C3-7DD41FDA9CA0}.Release|Any CPU.ActiveCfg = Release|Any CPU
		{AB16BA3E-DD25-430E-B7C3-7DD41FDA9CA0}.Release|Any CPU.Build.0 = Release|Any CPU
		{60C4C7D9-8732-4CCA-8971-3071B99261CB}.Debug|Any CPU.ActiveCfg = Debug|Any CPU
		{60C4C7D9-8732-4CCA-8971-3071B99261CB}.Debug|Any CPU.Build.0 = Debug|Any CPU
		{60C4C7D9-8732-4CCA-8971-3071B99261CB}.Release|Any CPU.ActiveCfg = Release|Any CPU
		{60C4C7D9-8732-4CCA-8971-3071B99261CB}.Release|Any CPU.Build.0 = Release|Any CPU
	EndGlobalSection
	GlobalSection(SolutionProperties) = preSolution
		HideSolutionNode = FALSE
	EndGlobalSection
	GlobalSection(ExtensibilityGlobals) = postSolution
		SolutionGuid = {A85BD98C-DEF5-4698-AFE0-6591D09B5E93}
	EndGlobalSection
EndGlobal
